
Microsoft Visual Studio Solution File, Format Version 12.00
# Visual Studio Version 16
VisualStudioVersion = 16.0.29613.14
MinimumVisualStudioVersion = 10.0.40219.1
Project("{FAE04EC0-301F-11D3-BF4B-00C04F79EFBC}") = "JsonSerialize", "JsonSerialize\JsonSerialize.csproj", "{52A83D6A-71EF-4457-8FD8-E96CD3589918}"
EndProject
Global
	GlobalSection(SolutionConfigurationPlatforms) = preSolution
		Debug|Any CPU = Debug|Any CPU
		Release|Any CPU = Release|Any CPU
	EndGlobalSection
	GlobalSection(ProjectConfigurationPlatforms) = postSolution
		{52A83D6A-71EF-4457-8FD8-E96CD3589918}.Debug|Any CPU.ActiveCfg = Debug|Any CPU
		{52A83D6A-71EF-4457-8FD8-E96CD3589918}.Debug|Any CPU.Build.0 = Debug|Any CPU
		{52A83D6A-71EF-4457-8FD8-E96CD3589918}.Release|Any CPU.ActiveCfg = Release|Any CPU
		{52A83D6A-71EF-4457-8FD8-E96CD3589918}.Release|Any CPU.Build.0 = Release|Any CPU
	EndGlobalSection
	GlobalSection(SolutionProperties) = preSolution
		HideSolutionNode = FALSE
	EndGlobalSection
	GlobalSection(ExtensibilityGlobals) = postSolution
		SolutionGuid = {4CA99394-39FB-4E77-BE26-5C0BE6377383}
	EndGlobalSection
EndGlobal
